
Microsoft Visual Studio Solution File, Format Version 12.00
# Visual Studio Version 17
VisualStudioVersion = 17.0.31903.59
MinimumVisualStudioVersion = 10.0.40219.1
Project("{2150E333-8FDC-42A3-9474-1A3956D46DE8}") = "Common", "Common", "{E96AEF36-E4CD-4BDE-8420-55AB065BD3DD}"
EndProject
Project("{FAE04EC0-301F-11D3-BF4B-00C04F79EFBC}") = "SolutionTemplate.Domain", "Common\SolutionTemplate.Domain\SolutionTemplate.Domain.csproj", "{78C5DBB0-C04A-4D6C-853F-A1C06E080F5A}"
EndProject
Project("{FAE04EC0-301F-11D3-BF4B-00C04F79EFBC}") = "SolutionTemplate.Domain.Base", "Common\SolutionTemplate.Domain.Base\SolutionTemplate.Domain.Base.csproj", "{EB98075F-C31D-405C-A8BA-37FD22D5C462}"
EndProject
Project("{2150E333-8FDC-42A3-9474-1A3956D46DE8}") = "Data", "Data", "{3ECD3DD1-A450-44FD-B20C-E973A044B3EC}"
EndProject
Project("{FAE04EC0-301F-11D3-BF4B-00C04F79EFBC}") = "SolutionTemplate.DAL", "Data\SolutionTemplate.DAL\SolutionTemplate.DAL.csproj", "{5C30BFB7-D5C1-43E5-BB15-F89324E3A303}"
EndProject
Project("{FAE04EC0-301F-11D3-BF4B-00C04F79EFBC}") = "SolutionTemplate.DAL.Entities", "Data\SolutionTemplate.DAL.Entities\SolutionTemplate.DAL.Entities.csproj", "{B69076BA-E96D-4B33-B6A0-901768440EC1}"
EndProject
Project("{FAE04EC0-301F-11D3-BF4B-00C04F79EFBC}") = "SolutionTemplate.DAL.Sqlite", "Data\SolutionTemplate.DAL.Sqlite\SolutionTemplate.DAL.Sqlite.csproj", "{DBBF1B42-657A-4B60-B38C-C69E39C74B6E}"
EndProject
Project("{FAE04EC0-301F-11D3-BF4B-00C04F79EFBC}") = "SolutionTemplate.DAL.SqlServer", "Data\SolutionTemplate.DAL.SqlServer\SolutionTemplate.DAL.SqlServer.csproj", "{E7170A11-D85C-4AE1-B893-AB6AEF839292}"
EndProject
Project("{2150E333-8FDC-42A3-9474-1A3956D46DE8}") = "Services", "Services", "{326446CD-7F78-48CE-B648-6690EA57491F}"
EndProject
Project("{FAE04EC0-301F-11D3-BF4B-00C04F79EFBC}") = "SolutionTemplate.Interfaces", "Services\SolutionTemplate.Interfaces\SolutionTemplate.Interfaces.csproj", "{9C8D79D2-E29B-4BDB-B132-FA28D0C17971}"
EndProject
Project("{FAE04EC0-301F-11D3-BF4B-00C04F79EFBC}") = "SolutionTemplate.Interfaces.Base", "Services\SolutionTemplate.Interfaces.Base\SolutionTemplate.Interfaces.Base.csproj", "{184851AE-81D3-4353-A753-1D183B8D910D}"
EndProject
Project("{FAE04EC0-301F-11D3-BF4B-00C04F79EFBC}") = "SolutionTemplate.Services", "Services\SolutionTemplate.Services\SolutionTemplate.Services.csproj", "{5A4EACBB-468B-4E11-8531-C678ED2B90BA}"
EndProject
Project("{2150E333-8FDC-42A3-9474-1A3956D46DE8}") = "Tests", "Tests", "{85317303-F436-4E2A-A482-534C95C088D0}"
EndProject
Project("{2150E333-8FDC-42A3-9474-1A3956D46DE8}") = "Common", "Common", "{6E6151E3-F76B-4194-B344-FDDB2EFCCFCD}"
EndProject
Project("{FAE04EC0-301F-11D3-BF4B-00C04F79EFBC}") = "SolutionTemplate.Domain.Base.Tests", "Tests\Common\SolutionTemplate.Domain.Base.Tests\SolutionTemplate.Domain.Base.Tests.csproj", "{28DF9FE7-BE13-4D48-8E27-71A90907E75A}"
EndProject
Project("{FAE04EC0-301F-11D3-BF4B-00C04F79EFBC}") = "SolutionTemplate.Domain.Tests", "Tests\Common\SolutionTemplate.Domain.Tests\SolutionTemplate.Domain.Tests.csproj", "{362036A5-C8BF-459F-81B5-84CF63847BB1}"
EndProject
Project("{2150E333-8FDC-42A3-9474-1A3956D46DE8}") = "Services", "Services", "{6566594C-328C-4C0B-B71E-A38638B1710A}"
EndProject
Project("{FAE04EC0-301F-11D3-BF4B-00C04F79EFBC}") = "SolutionTemplate.Interface.Base.Tests", "Tests\Services\SolutionTemplate.Interfaces.Base.Tests\SolutionTemplate.Interface.Base.Tests.csproj", "{EA2CDCB2-6341-430D-880E-0704DC06D937}"
EndProject
Project("{FAE04EC0-301F-11D3-BF4B-00C04F79EFBC}") = "SolutionTemplate.Interface.Tests", "Tests\Services\SolutionTemplate.Interfaces.Tests\SolutionTemplate.Interface.Tests.csproj", "{95B78CA8-D714-4F7B-B01F-8D9BDCA75C41}"
EndProject
Project("{FAE04EC0-301F-11D3-BF4B-00C04F79EFBC}") = "SolutionTemplate.Services.Tests", "Tests\Services\SolutionTemplate.Services.Tests\SolutionTemplate.Services.Tests.csproj", "{26C55C73-7E09-44D0-AC2B-C1D01D2ADF5B}"
EndProject
Project("{FAE04EC0-301F-11D3-BF4B-00C04F79EFBC}") = "SolutionTemplate.TestConsole", "Tests\SolutionTemplate.TestConsole\SolutionTemplate.TestConsole.csproj", "{974644A5-F0A1-485C-8C0E-02BDCF286449}"
EndProject
Project("{2150E333-8FDC-42A3-9474-1A3956D46DE8}") = "UI", "UI", "{76A7F5D0-D39F-431B-9D05-F67634B4CDDB}"
EndProject
Project("{FAE04EC0-301F-11D3-BF4B-00C04F79EFBC}") = "SolutionTemplate.ConsoleUI", "UI\SolutionTemplate.ConsoleUI\SolutionTemplate.ConsoleUI.csproj", "{072E794C-F973-4E01-835D-C8C94D4FA72E}"
EndProject
Project("{FAE04EC0-301F-11D3-BF4B-00C04F79EFBC}") = "SolutionTemplate.MVC", "UI\SolutionTemplate.MVC\SolutionTemplate.MVC.csproj", "{0FEE7C4A-5B8D-429B-B8DD-8F99414BC392}"
EndProject
Global
	GlobalSection(SolutionConfigurationPlatforms) = preSolution
		Debug|Any CPU = Debug|Any CPU
		Release|Any CPU = Release|Any CPU
	EndGlobalSection
	GlobalSection(SolutionProperties) = preSolution
		HideSolutionNode = FALSE
	EndGlobalSection
	GlobalSection(ProjectConfigurationPlatforms) = postSolution
		{78C5DBB0-C04A-4D6C-853F-A1C06E080F5A}.Debug|Any CPU.ActiveCfg = Debug|Any CPU
		{78C5DBB0-C04A-4D6C-853F-A1C06E080F5A}.Debug|Any CPU.Build.0 = Debug|Any CPU
		{78C5DBB0-C04A-4D6C-853F-A1C06E080F5A}.Release|Any CPU.ActiveCfg = Release|Any CPU
		{78C5DBB0-C04A-4D6C-853F-A1C06E080F5A}.Release|Any CPU.Build.0 = Release|Any CPU
		{EB98075F-C31D-405C-A8BA-37FD22D5C462}.Debug|Any CPU.ActiveCfg = Debug|Any CPU
		{EB98075F-C31D-405C-A8BA-37FD22D5C462}.Debug|Any CPU.Build.0 = Debug|Any CPU
		{EB98075F-C31D-405C-A8BA-37FD22D5C462}.Release|Any CPU.ActiveCfg = Release|Any CPU
		{EB98075F-C31D-405C-A8BA-37FD22D5C462}.Release|Any CPU.Build.0 = Release|Any CPU
		{5C30BFB7-D5C1-43E5-BB15-F89324E3A303}.Debug|Any CPU.ActiveCfg = Debug|Any CPU
		{5C30BFB7-D5C1-43E5-BB15-F89324E3A303}.Debug|Any CPU.Build.0 = Debug|Any CPU
		{5C30BFB7-D5C1-43E5-BB15-F89324E3A303}.Release|Any CPU.ActiveCfg = Release|Any CPU
		{5C30BFB7-D5C1-43E5-BB15-F89324E3A303}.Release|Any CPU.Build.0 = Release|Any CPU
		{B69076BA-E96D-4B33-B6A0-901768440EC1}.Debug|Any CPU.ActiveCfg = Debug|Any CPU
		{B69076BA-E96D-4B33-B6A0-901768440EC1}.Debug|Any CPU.Build.0 = Debug|Any CPU
		{B69076BA-E96D-4B33-B6A0-901768440EC1}.Release|Any CPU.ActiveCfg = Release|Any CPU
		{B69076BA-E96D-4B33-B6A0-901768440EC1}.Release|Any CPU.Build.0 = Release|Any CPU
		{DBBF1B42-657A-4B60-B38C-C69E39C74B6E}.Debug|Any CPU.ActiveCfg = Debug|Any CPU
		{DBBF1B42-657A-4B60-B38C-C69E39C74B6E}.Debug|Any CPU.Build.0 = Debug|Any CPU
		{DBBF1B42-657A-4B60-B38C-C69E39C74B6E}.Release|Any CPU.ActiveCfg = Release|Any CPU
		{DBBF1B42-657A-4B60-B38C-C69E39C74B6E}.Release|Any CPU.Build.0 = Release|Any CPU
		{E7170A11-D85C-4AE1-B893-AB6AEF839292}.Debug|Any CPU.ActiveCfg = Debug|Any CPU
		{E7170A11-D85C-4AE1-B893-AB6AEF839292}.Debug|Any CPU.Build.0 = Debug|Any CPU
		{E7170A11-D85C-4AE1-B893-AB6AEF839292}.Release|Any CPU.ActiveCfg = Release|Any CPU
		{E7170A11-D85C-4AE1-B893-AB6AEF839292}.Release|Any CPU.Build.0 = Release|Any CPU
		{9C8D79D2-E29B-4BDB-B132-FA28D0C17971}.Debug|Any CPU.ActiveCfg = Debug|Any CPU
		{9C8D79D2-E29B-4BDB-B132-FA28D0C17971}.Debug|Any CPU.Build.0 = Debug|Any CPU
		{9C8D79D2-E29B-4BDB-B132-FA28D0C17971}.Release|Any CPU.ActiveCfg = Release|Any CPU
		{9C8D79D2-E29B-4BDB-B132-FA28D0C17971}.Release|Any CPU.Build.0 = Release|Any CPU
		{184851AE-81D3-4353-A753-1D183B8D910D}.Debug|Any CPU.ActiveCfg = Debug|Any CPU
		{184851AE-81D3-4353-A753-1D183B8D910D}.Debug|Any CPU.Build.0 = Debug|Any CPU
		{184851AE-81D3-4353-A753-1D183B8D910D}.Release|Any CPU.ActiveCfg = Release|Any CPU
		{184851AE-81D3-4353-A753-1D183B8D910D}.Release|Any CPU.Build.0 = Release|Any CPU
		{5A4EACBB-468B-4E11-8531-C678ED2B90BA}.Debug|Any CPU.ActiveCfg = Debug|Any CPU
		{5A4EACBB-468B-4E11-8531-C678ED2B90BA}.Debug|Any CPU.Build.0 = Debug|Any CPU
		{5A4EACBB-468B-4E11-8531-C678ED2B90BA}.Release|Any CPU.ActiveCfg = Release|Any CPU
		{5A4EACBB-468B-4E11-8531-C678ED2B90BA}.Release|Any CPU.Build.0 = Release|Any CPU
		{28DF9FE7-BE13-4D48-8E27-71A90907E75A}.Debug|Any CPU.ActiveCfg = Debug|Any CPU
		{28DF9FE7-BE13-4D48-8E27-71A90907E75A}.Debug|Any CPU.Build.0 = Debug|Any CPU
		{28DF9FE7-BE13-4D48-8E27-71A90907E75A}.Release|Any CPU.ActiveCfg = Release|Any CPU
		{28DF9FE7-BE13-4D48-8E27-71A90907E75A}.Release|Any CPU.Build.0 = Release|Any CPU
		{362036A5-C8BF-459F-81B5-84CF63847BB1}.Debug|Any CPU.ActiveCfg = Debug|Any CPU
		{362036A5-C8BF-459F-81B5-84CF63847BB1}.Debug|Any CPU.Build.0 = Debug|Any CPU
		{362036A5-C8BF-459F-81B5-84CF63847BB1}.Release|Any CPU.ActiveCfg = Release|Any CPU
		{362036A5-C8BF-459F-81B5-84CF63847BB1}.Release|Any CPU.Build.0 = Release|Any CPU
		{EA2CDCB2-6341-430D-880E-0704DC06D937}.Debug|Any CPU.ActiveCfg = Debug|Any CPU
		{EA2CDCB2-6341-430D-880E-0704DC06D937}.Debug|Any CPU.Build.0 = Debug|Any CPU
		{EA2CDCB2-6341-430D-880E-0704DC06D937}.Release|Any CPU.ActiveCfg = Release|Any CPU
		{EA2CDCB2-6341-430D-880E-0704DC06D937}.Release|Any CPU.Build.0 = Release|Any CPU
		{95B78CA8-D714-4F7B-B01F-8D9BDCA75C41}.Debug|Any CPU.ActiveCfg = Debug|Any CPU
		{95B78CA8-D714-4F7B-B01F-8D9BDCA75C41}.Debug|Any CPU.Build.0 = Debug|Any CPU
		{95B78CA8-D714-4F7B-B01F-8D9BDCA75C41}.Release|Any CPU.ActiveCfg = Release|Any CPU
		{95B78CA8-D714-4F7B-B01F-8D9BDCA75C41}.Release|Any CPU.Build.0 = Release|Any CPU
		{26C55C73-7E09-44D0-AC2B-C1D01D2ADF5B}.Debug|Any CPU.ActiveCfg = Debug|Any CPU
		{26C55C73-7E09-44D0-AC2B-C1D01D2ADF5B}.Debug|Any CPU.Build.0 = Debug|Any CPU
		{26C55C73-7E09-44D0-AC2B-C1D01D2ADF5B}.Release|Any CPU.ActiveCfg = Release|Any CPU
		{26C55C73-7E09-44D0-AC2B-C1D01D2ADF5B}.Release|Any CPU.Build.0 = Release|Any CPU
		{974644A5-F0A1-485C-8C0E-02BDCF286449}.Debug|Any CPU.ActiveCfg = Debug|Any CPU
		{974644A5-F0A1-485C-8C0E-02BDCF286449}.Debug|Any CPU.Build.0 = Debug|Any CPU
		{974644A5-F0A1-485C-8C0E-02BDCF286449}.Release|Any CPU.ActiveCfg = Release|Any CPU
		{974644A5-F0A1-485C-8C0E-02BDCF286449}.Release|Any CPU.Build.0 = Release|Any CPU
		{072E794C-F973-4E01-835D-C8C94D4FA72E}.Debug|Any CPU.ActiveCfg = Debug|Any CPU
		{072E794C-F973-4E01-835D-C8C94D4FA72E}.Debug|Any CPU.Build.0 = Debug|Any CPU
		{072E794C-F973-4E01-835D-C8C94D4FA72E}.Release|Any CPU.ActiveCfg = Release|Any CPU
		{072E794C-F973-4E01-835D-C8C94D4FA72E}.Release|Any CPU.Build.0 = Release|Any CPU
		{0FEE7C4A-5B8D-429B-B8DD-8F99414BC392}.Debug|Any CPU.ActiveCfg = Debug|Any CPU
		{0FEE7C4A-5B8D-429B-B8DD-8F99414BC392}.Debug|Any CPU.Build.0 = Debug|Any CPU
		{0FEE7C4A-5B8D-429B-B8DD-8F99414BC392}.Release|Any CPU.ActiveCfg = Release|Any CPU
		{0FEE7C4A-5B8D-429B-B8DD-8F99414BC392}.Release|Any CPU.Build.0 = Release|Any CPU
	EndGlobalSection
	GlobalSection(NestedProjects) = preSolution
		{78C5DBB0-C04A-4D6C-853F-A1C06E080F5A} = {E96AEF36-E4CD-4BDE-8420-55AB065BD3DD}
		{EB98075F-C31D-405C-A8BA-37FD22D5C462} = {E96AEF36-E4CD-4BDE-8420-55AB065BD3DD}
		{5C30BFB7-D5C1-43E5-BB15-F89324E3A303} = {3ECD3DD1-A450-44FD-B20C-E973A044B3EC}
		{B69076BA-E96D-4B33-B6A0-901768440EC1} = {3ECD3DD1-A450-44FD-B20C-E973A044B3EC}
		{DBBF1B42-657A-4B60-B38C-C69E39C74B6E} = {3ECD3DD1-A450-44FD-B20C-E973A044B3EC}
		{E7170A11-D85C-4AE1-B893-AB6AEF839292} = {3ECD3DD1-A450-44FD-B20C-E973A044B3EC}
		{9C8D79D2-E29B-4BDB-B132-FA28D0C17971} = {326446CD-7F78-48CE-B648-6690EA57491F}
		{184851AE-81D3-4353-A753-1D183B8D910D} = {326446CD-7F78-48CE-B648-6690EA57491F}
		{5A4EACBB-468B-4E11-8531-C678ED2B90BA} = {326446CD-7F78-48CE-B648-6690EA57491F}
		{6E6151E3-F76B-4194-B344-FDDB2EFCCFCD} = {85317303-F436-4E2A-A482-534C95C088D0}
		{28DF9FE7-BE13-4D48-8E27-71A90907E75A} = {6E6151E3-F76B-4194-B344-FDDB2EFCCFCD}
		{362036A5-C8BF-459F-81B5-84CF63847BB1} = {6E6151E3-F76B-4194-B344-FDDB2EFCCFCD}
		{6566594C-328C-4C0B-B71E-A38638B1710A} = {85317303-F436-4E2A-A482-534C95C088D0}
		{EA2CDCB2-6341-430D-880E-0704DC06D937} = {6566594C-328C-4C0B-B71E-A38638B1710A}
		{95B78CA8-D714-4F7B-B01F-8D9BDCA75C41} = {6566594C-328C-4C0B-B71E-A38638B1710A}
		{26C55C73-7E09-44D0-AC2B-C1D01D2ADF5B} = {6566594C-328C-4C0B-B71E-A38638B1710A}
		{974644A5-F0A1-485C-8C0E-02BDCF286449} = {85317303-F436-4E2A-A482-534C95C088D0}
		{072E794C-F973-4E01-835D-C8C94D4FA72E} = {76A7F5D0-D39F-431B-9D05-F67634B4CDDB}
		{0FEE7C4A-5B8D-429B-B8DD-8F99414BC392} = {76A7F5D0-D39F-431B-9D05-F67634B4CDDB}
	EndGlobalSection
EndGlobal
